
Microsoft Visual Studio Solution File, Format Version 12.00
# Visual Studio Version 17
VisualStudioVersion = 17.5.002.0
MinimumVisualStudioVersion = 10.0.40219.1
Project("{9A19103F-16F7-4668-BE54-9A1E7A4F7556}") = "YouTubeRIP", "YouTubeRIP.csproj", "{67F3EF9F-1A06-4059-83A8-C2629042ACF9}"
EndProject
Global
	GlobalSection(SolutionConfigurationPlatforms) = preSolution
		Debug|Any CPU = Debug|Any CPU
		Release|Any CPU = Release|Any CPU
	EndGlobalSection
	GlobalSection(ProjectConfigurationPlatforms) = postSolution
		{67F3EF9F-1A06-4059-83A8-C2629042ACF9}.Debug|Any CPU.ActiveCfg = Debug|Any CPU
		{67F3EF9F-1A06-4059-83A8-C2629042ACF9}.Debug|Any CPU.Build.0 = Debug|Any CPU
		{67F3EF9F-1A06-4059-83A8-C2629042ACF9}.Release|Any CPU.ActiveCfg = Release|Any CPU
		{67F3EF9F-1A06-4059-83A8-C2629042ACF9}.Release|Any CPU.Build.0 = Release|Any CPU
	EndGlobalSection
	GlobalSection(SolutionProperties) = preSolution
		HideSolutionNode = FALSE
	EndGlobalSection
	GlobalSection(ExtensibilityGlobals) = postSolution
		SolutionGuid = {1BFEFF06-3DFF-46CC-8570-6BAB43E06836}
	EndGlobalSection
EndGlobal
